
Microsoft Visual Studio Solution File, Format Version 12.00
# Visual Studio 15
VisualStudioVersion = 15.0.27428.2037
MinimumVisualStudioVersion = 10.0.40219.1
Project("{2150E333-8FDC-42A3-9474-1A3956D46DE8}") = "tests", "tests", "{5A3C2DA6-AE91-4025-AC03-A58BD03CEBCD}"
EndProject
Project("{2150E333-8FDC-42A3-9474-1A3956D46DE8}") = "samples", "samples", "{A7AF87D2-983B-4B3A-823F-5A2C6989672E}"
	ProjectSection(SolutionItems) = preProject
		samples\samples.py = samples\samples.py
	EndProjectSection
EndProject
Project("{2150E333-8FDC-42A3-9474-1A3956D46DE8}") = "snippets", "snippets", "{AAB21DD2-B0EE-493E-8415-5195F18879EB}"
EndProject
Project("{2150E333-8FDC-42A3-9474-1A3956D46DE8}") = "um", "um", "{EEFC9510-DFA7-439E-801E-48FCE72766AD}"
	ProjectSection(SolutionItems) = preProject
		samples\um\createfile.py = samples\um\createfile.py
		samples\um\critlist.py = samples\um\critlist.py
		samples\um\ldr.py = samples\um\ldr.py
		samples\um\virtalloc.py = samples\um\virtalloc.py
	EndProjectSection
EndProject
Project("{888888A0-9F3D-457C-B088-3A5042F75D52}") = "pykdtest", "test\scripts\pykdtest.pyproj", "{3F0BE77E-19B0-4192-B432-44A25805BCB8}"
	ProjectSection(ProjectDependencies) = postProject
		{C4C45791-0201-4406-BC5C-A384B01E3BF5} = {C4C45791-0201-4406-BC5C-A384B01E3BF5}
	EndProjectSection
EndProject
Project("{888888A0-9F3D-457C-B088-3A5042F75D52}") = "snippets", "snippets\snippets.pyproj", "{6471FEDC-3129-410F-BFFC-4BC89707E5EC}"
EndProject
Project("{888888A0-9F3D-457C-B088-3A5042F75D52}") = "setup", "setup\setup.pyproj", "{D78837DC-BF31-4FC4-88A5-7F2FADAFA795}"
EndProject
Project("{8BC9CEB8-8B4A-11D0-8D11-00A0C91BC942}") = "kdlib", "kdlibcpp\kdlib\source\kdlib.vcxproj", "{3E9C538F-F060-4E86-AB7D-D44439615B63}"
EndProject
Project("{8BC9CEB8-8B4A-11D0-8D11-00A0C91BC942}") = "pykd", "pykd\pykd.vcxproj", "{C4C45791-0201-4406-BC5C-A384B01E3BF5}"
	ProjectSection(ProjectDependencies) = postProject
		{0E4CC688-F2F5-499F-9C07-0F2CAEE0D3EF} = {0E4CC688-F2F5-499F-9C07-0F2CAEE0D3EF}
	EndProjectSection
EndProject
Project("{8BC9CEB8-8B4A-11D0-8D11-00A0C91BC942}") = "targetapp", "kdlibcpp\kdlib\tests\targetapp\targetapp.vcxproj", "{0E4CC688-F2F5-499F-9C07-0F2CAEE0D3EF}"
EndProject
Global
	GlobalSection(SolutionConfigurationPlatforms) = preSolution
		Debug_2.7|Win32 = Debug_2.7|Win32
		Debug_2.7|x64 = Debug_2.7|x64
		Debug_3.10|Win32 = Debug_3.10|Win32
		Debug_3.10|x64 = Debug_3.10|x64
		Debug_3.5|Win32 = Debug_3.5|Win32
		Debug_3.5|x64 = Debug_3.5|x64
		Debug_3.6|Win32 = Debug_3.6|Win32
		Debug_3.6|x64 = Debug_3.6|x64
		Debug_3.7|Win32 = Debug_3.7|Win32
		Debug_3.7|x64 = Debug_3.7|x64
		Debug_3.8|Win32 = Debug_3.8|Win32
		Debug_3.8|x64 = Debug_3.8|x64
		Debug_3.9|Win32 = Debug_3.9|Win32
		Debug_3.9|x64 = Debug_3.9|x64
		Release_2.7|Win32 = Release_2.7|Win32
		Release_2.7|x64 = Release_2.7|x64
		Release_3.10|Win32 = Release_3.10|Win32
		Release_3.10|x64 = Release_3.10|x64
		Release_3.5|Win32 = Release_3.5|Win32
		Release_3.5|x64 = Release_3.5|x64
		Release_3.6|Win32 = Release_3.6|Win32
		Release_3.6|x64 = Release_3.6|x64
		Release_3.7|Win32 = Release_3.7|Win32
		Release_3.7|x64 = Release_3.7|x64
		Release_3.8|Win32 = Release_3.8|Win32
		Release_3.8|x64 = Release_3.8|x64
		Release_3.9|Win32 = Release_3.9|Win32
		Release_3.9|x64 = Release_3.9|x64
	EndGlobalSection
	GlobalSection(ProjectConfigurationPlatforms) = postSolution
		{3F0BE77E-19B0-4192-B432-44A25805BCB8}.Debug_2.7|Win32.ActiveCfg = Debug|Any CPU
		{3F0BE77E-19B0-4192-B432-44A25805BCB8}.Debug_2.7|Win32.Build.0 = Debug|Any CPU
		{3F0BE77E-19B0-4192-B432-44A25805BCB8}.Debug_2.7|x64.ActiveCfg = Debug|Any CPU
		{3F0BE77E-19B0-4192-B432-44A25805BCB8}.Debug_3.10|Win32.ActiveCfg = Debug|Any CPU
		{3F0BE77E-19B0-4192-B432-44A25805BCB8}.Debug_3.10|x64.ActiveCfg = Debug|Any CPU
		{3F0BE77E-19B0-4192-B432-44A25805BCB8}.Debug_3.5|Win32.ActiveCfg = Debug|Any CPU
		{3F0BE77E-19B0-4192-B432-44A25805BCB8}.Debug_3.5|x64.ActiveCfg = Debug|Any CPU
		{3F0BE77E-19B0-4192-B432-44A25805BCB8}.Debug_3.6|Win32.ActiveCfg = Debug|Any CPU
		{3F0BE77E-19B0-4192-B432-44A25805BCB8}.Debug_3.6|x64.ActiveCfg = Debug|Any CPU
		{3F0BE77E-19B0-4192-B432-44A25805BCB8}.Debug_3.7|Win32.ActiveCfg = Debug|Any CPU
		{3F0BE77E-19B0-4192-B432-44A25805BCB8}.Debug_3.7|x64.ActiveCfg = Debug|Any CPU
		{3F0BE77E-19B0-4192-B432-44A25805BCB8}.Debug_3.8|Win32.ActiveCfg = Debug|Any CPU
		{3F0BE77E-19B0-4192-B432-44A25805BCB8}.Debug_3.8|x64.ActiveCfg = Debug|Any CPU
		{3F0BE77E-19B0-4192-B432-44A25805BCB8}.Debug_3.9|Win32.ActiveCfg = Debug|Any CPU
		{3F0BE77E-19B0-4192-B432-44A25805BCB8}.Debug_3.9|x64.ActiveCfg = Debug|Any CPU
		{3F0BE77E-19B0-4192-B432-44A25805BCB8}.Release_2.7|Win32.ActiveCfg = Release|Any CPU
		{3F0BE77E-19B0-4192-B432-44A25805BCB8}.Release_2.7|x64.ActiveCfg = Release|Any CPU
		{3F0BE77E-19B0-4192-B432-44A25805BCB8}.Release_3.10|Win32.ActiveCfg = Release|Any CPU
		{3F0BE77E-19B0-4192-B432-44A25805BCB8}.Release_3.10|x64.ActiveCfg = Release|Any CPU
		{3F0BE77E-19B0-4192-B432-44A25805BCB8}.Release_3.5|Win32.ActiveCfg = Release|Any CPU
		{3F0BE77E-19B0-4192-B432-44A25805BCB8}.Release_3.5|x64.ActiveCfg = Release|Any CPU
		{3F0BE77E-19B0-4192-B432-44A25805BCB8}.Release_3.6|Win32.ActiveCfg = Release|Any CPU
		{3F0BE77E-19B0-4192-B432-44A25805BCB8}.Release_3.6|x64.ActiveCfg = Release|Any CPU
		{3F0BE77E-19B0-4192-B432-44A25805BCB8}.Release_3.7|Win32.ActiveCfg = Release|Any CPU
		{3F0BE77E-19B0-4192-B432-44A25805BCB8}.Release_3.7|x64.ActiveCfg = Release|Any CPU
		{3F0BE77E-19B0-4192-B432-44A25805BCB8}.Release_3.8|Win32.ActiveCfg = Release|Any CPU
		{3F0BE77E-19B0-4192-B432-44A25805BCB8}.Release_3.8|x64.ActiveCfg = Release|Any CPU
		{3F0BE77E-19B0-4192-B432-44A25805BCB8}.Release_3.9|Win32.ActiveCfg = Release|Any CPU
		{3F0BE77E-19B0-4192-B432-44A25805BCB8}.Release_3.9|x64.ActiveCfg = Release|Any CPU
		{6471FEDC-3129-410F-BFFC-4BC89707E5EC}.Debug_2.7|Win32.ActiveCfg = Debug|Any CPU
		{6471FEDC-3129-410F-BFFC-4BC89707E5EC}.Debug_2.7|x64.ActiveCfg = Debug|Any CPU
		{6471FEDC-3129-410F-BFFC-4BC89707E5EC}.Debug_3.10|Win32.ActiveCfg = Debug|Any CPU
		{6471FEDC-3129-410F-BFFC-4BC89707E5EC}.Debug_3.10|x64.ActiveCfg = Debug|Any CPU
		{6471FEDC-3129-410F-BFFC-4BC89707E5EC}.Debug_3.5|Win32.ActiveCfg = Debug|Any CPU
		{6471FEDC-3129-410F-BFFC-4BC89707E5EC}.Debug_3.5|x64.ActiveCfg = Debug|Any CPU
		{6471FEDC-3129-410F-BFFC-4BC89707E5EC}.Debug_3.6|Win32.ActiveCfg = Debug|Any CPU
		{6471FEDC-3129-410F-BFFC-4BC89707E5EC}.Debug_3.6|x64.ActiveCfg = Debug|Any CPU
		{6471FEDC-3129-410F-BFFC-4BC89707E5EC}.Debug_3.7|Win32.ActiveCfg = Debug|Any CPU
		{6471FEDC-3129-410F-BFFC-4BC89707E5EC}.Debug_3.7|x64.ActiveCfg = Debug|Any CPU
		{6471FEDC-3129-410F-BFFC-4BC89707E5EC}.Debug_3.8|Win32.ActiveCfg = Debug|Any CPU
		{6471FEDC-3129-410F-BFFC-4BC89707E5EC}.Debug_3.8|x64.ActiveCfg = Debug|Any CPU
		{6471FEDC-3129-410F-BFFC-4BC89707E5EC}.Debug_3.9|Win32.ActiveCfg = Debug|Any CPU
		{6471FEDC-3129-410F-BFFC-4BC89707E5EC}.Debug_3.9|x64.ActiveCfg = Debug|Any CPU
		{6471FEDC-3129-410F-BFFC-4BC89707E5EC}.Release_2.7|Win32.ActiveCfg = Release|Any CPU
		{6471FEDC-3129-410F-BFFC-4BC89707E5EC}.Release_2.7|x64.ActiveCfg = Release|Any CPU
		{6471FEDC-3129-410F-BFFC-4BC89707E5EC}.Release_3.10|Win32.ActiveCfg = Release|Any CPU
		{6471FEDC-3129-410F-BFFC-4BC89707E5EC}.Release_3.10|x64.ActiveCfg = Release|Any CPU
		{6471FEDC-3129-410F-BFFC-4BC89707E5EC}.Release_3.5|Win32.ActiveCfg = Release|Any CPU
		{6471FEDC-3129-410F-BFFC-4BC89707E5EC}.Release_3.5|x64.ActiveCfg = Release|Any CPU
		{6471FEDC-3129-410F-BFFC-4BC89707E5EC}.Release_3.6|Win32.ActiveCfg = Release|Any CPU
		{6471FEDC-3129-410F-BFFC-4BC89707E5EC}.Release_3.6|x64.ActiveCfg = Release|Any CPU
		{6471FEDC-3129-410F-BFFC-4BC89707E5EC}.Release_3.7|Win32.ActiveCfg = Release|Any CPU
		{6471FEDC-3129-410F-BFFC-4BC89707E5EC}.Release_3.7|x64.ActiveCfg = Release|Any CPU
		{6471FEDC-3129-410F-BFFC-4BC89707E5EC}.Release_3.8|Win32.ActiveCfg = Release|Any CPU
		{6471FEDC-3129-410F-BFFC-4BC89707E5EC}.Release_3.8|x64.ActiveCfg = Release|Any CPU
		{6471FEDC-3129-410F-BFFC-4BC89707E5EC}.Release_3.9|Win32.ActiveCfg = Release|Any CPU
		{6471FEDC-3129-410F-BFFC-4BC89707E5EC}.Release_3.9|x64.ActiveCfg = Release|Any CPU
		{D78837DC-BF31-4FC4-88A5-7F2FADAFA795}.Debug_2.7|Win32.ActiveCfg = Debug|Any CPU
		{D78837DC-BF31-4FC4-88A5-7F2FADAFA795}.Debug_2.7|x64.ActiveCfg = Debug|Any CPU
		{D78837DC-BF31-4FC4-88A5-7F2FADAFA795}.Debug_3.10|Win32.ActiveCfg = Debug|Any CPU
		{D78837DC-BF31-4FC4-88A5-7F2FADAFA795}.Debug_3.10|x64.ActiveCfg = Debug|Any CPU
		{D78837DC-BF31-4FC4-88A5-7F2FADAFA795}.Debug_3.5|Win32.ActiveCfg = Debug|Any CPU
		{D78837DC-BF31-4FC4-88A5-7F2FADAFA795}.Debug_3.5|x64.ActiveCfg = Debug|Any CPU
		{D78837DC-BF31-4FC4-88A5-7F2FADAFA795}.Debug_3.6|Win32.ActiveCfg = Debug|Any CPU
		{D78837DC-BF31-4FC4-88A5-7F2FADAFA795}.Debug_3.6|x64.ActiveCfg = Debug|Any CPU
		{D78837DC-BF31-4FC4-88A5-7F2FADAFA795}.Debug_3.7|Win32.ActiveCfg = Debug|Any CPU
		{D78837DC-BF31-4FC4-88A5-7F2FADAFA795}.Debug_3.7|x64.ActiveCfg = Debug|Any CPU
		{D78837DC-BF31-4FC4-88A5-7F2FADAFA795}.Debug_3.8|Win32.ActiveCfg = Debug|Any CPU
		{D78837DC-BF31-4FC4-88A5-7F2FADAFA795}.Debug_3.8|x64.ActiveCfg = Debug|Any CPU
		{D78837DC-BF31-4FC4-88A5-7F2FADAFA795}.Debug_3.9|Win32.ActiveCfg = Debug|Any CPU
		{D78837DC-BF31-4FC4-88A5-7F2FADAFA795}.Debug_3.9|x64.ActiveCfg = Debug|Any CPU
		{D78837DC-BF31-4FC4-88A5-7F2FADAFA795}.Release_2.7|Win32.ActiveCfg = Release|Any CPU
		{D78837DC-BF31-4FC4-88A5-7F2FADAFA795}.Release_2.7|x64.ActiveCfg = Release|Any CPU
		{D78837DC-BF31-4FC4-88A5-7F2FADAFA795}.Release_3.10|Win32.ActiveCfg = Release|Any CPU
		{D78837DC-BF31-4FC4-88A5-7F2FADAFA795}.Release_3.10|x64.ActiveCfg = Release|Any CPU
		{D78837DC-BF31-4FC4-88A5-7F2FADAFA795}.Release_3.5|Win32.ActiveCfg = Release|Any CPU
		{D78837DC-BF31-4FC4-88A5-7F2FADAFA795}.Release_3.5|x64.ActiveCfg = Release|Any CPU
		{D78837DC-BF31-4FC4-88A5-7F2FADAFA795}.Release_3.6|Win32.ActiveCfg = Release|Any CPU
		{D78837DC-BF31-4FC4-88A5-7F2FADAFA795}.Release_3.6|x64.ActiveCfg = Release|Any CPU
		{D78837DC-BF31-4FC4-88A5-7F2FADAFA795}.Release_3.7|Win32.ActiveCfg = Release|Any CPU
		{D78837DC-BF31-4FC4-88A5-7F2FADAFA795}.Release_3.7|x64.ActiveCfg = Release|Any CPU
		{D78837DC-BF31-4FC4-88A5-7F2FADAFA795}.Release_3.8|Win32.ActiveCfg = Release|Any CPU
		{D78837DC-BF31-4FC4-88A5-7F2FADAFA795}.Release_3.8|x64.ActiveCfg = Release|Any CPU
		{D78837DC-BF31-4FC4-88A5-7F2FADAFA795}.Release_3.9|Win32.ActiveCfg = Release|Any CPU
		{D78837DC-BF31-4FC4-88A5-7F2FADAFA795}.Release_3.9|x64.ActiveCfg = Release|Any CPU
		{3E9C538F-F060-4E86-AB7D-D44439615B63}.Debug_2.7|Win32.ActiveCfg = Debug|Win32
		{3E9C538F-F060-4E86-AB7D-D44439615B63}.Debug_2.7|Win32.Build.0 = Debug|Win32
		{3E9C538F-F060-4E86-AB7D-D44439615B63}.Debug_2.7|x64.ActiveCfg = Debug|x64
		{3E9C538F-F060-4E86-AB7D-D44439615B63}.Debug_2.7|x64.Build.0 = Debug|x64
		{3E9C538F-F060-4E86-AB7D-D44439615B63}.Debug_3.10|Win32.ActiveCfg = Debug|Win32
		{3E9C538F-F060-4E86-AB7D-D44439615B63}.Debug_3.10|Win32.Build.0 = Debug|Win32
		{3E9C538F-F060-4E86-AB7D-D44439615B63}.Debug_3.10|x64.ActiveCfg = Debug|x64
		{3E9C538F-F060-4E86-AB7D-D44439615B63}.Debug_3.10|x64.Build.0 = Debug|x64
		{3E9C538F-F060-4E86-AB7D-D44439615B63}.Debug_3.5|Win32.ActiveCfg = Debug|Win32
		{3E9C538F-F060-4E86-AB7D-D44439615B63}.Debug_3.5|Win32.Build.0 = Debug|Win32
		{3E9C538F-F060-4E86-AB7D-D44439615B63}.Debug_3.5|x64.ActiveCfg = Debug|x64
		{3E9C538F-F060-4E86-AB7D-D44439615B63}.Debug_3.5|x64.Build.0 = Debug|x64
		{3E9C538F-F060-4E86-AB7D-D44439615B63}.Debug_3.6|Win32.ActiveCfg = Debug|Win32
		{3E9C538F-F060-4E86-AB7D-D44439615B63}.Debug_3.6|Win32.Build.0 = Debug|Win32
		{3E9C538F-F060-4E86-AB7D-D44439615B63}.Debug_3.6|x64.ActiveCfg = Debug|x64
		{3E9C538F-F060-4E86-AB7D-D44439615B63}.Debug_3.6|x64.Build.0 = Debug|x64
		{3E9C538F-F060-4E86-AB7D-D44439615B63}.Debug_3.7|Win32.ActiveCfg = Debug|Win32
		{3E9C538F-F060-4E86-AB7D-D44439615B63}.Debug_3.7|Win32.Build.0 = Debug|Win32
		{3E9C538F-F060-4E86-AB7D-D44439615B63}.Debug_3.7|x64.ActiveCfg = Debug|x64
		{3E9C538F-F060-4E86-AB7D-D44439615B63}.Debug_3.7|x64.Build.0 = Debug|x64
		{3E9C538F-F060-4E86-AB7D-D44439615B63}.Debug_3.8|Win32.ActiveCfg = Debug|Win32
		{3E9C538F-F060-4E86-AB7D-D44439615B63}.Debug_3.8|Win32.Build.0 = Debug|Win32
		{3E9C538F-F060-4E86-AB7D-D44439615B63}.Debug_3.8|x64.ActiveCfg = Debug|x64
		{3E9C538F-F060-4E86-AB7D-D44439615B63}.Debug_3.8|x64.Build.0 = Debug|x64
		{3E9C538F-F060-4E86-AB7D-D44439615B63}.Debug_3.9|Win32.ActiveCfg = Debug|Win32
		{3E9C538F-F060-4E86-AB7D-D44439615B63}.Debug_3.9|Win32.Build.0 = Debug|Win32
		{3E9C538F-F060-4E86-AB7D-D44439615B63}.Debug_3.9|x64.ActiveCfg = Debug|x64
		{3E9C538F-F060-4E86-AB7D-D44439615B63}.Debug_3.9|x64.Build.0 = Debug|x64
		{3E9C538F-F060-4E86-AB7D-D44439615B63}.Release_2.7|Win32.ActiveCfg = Release_Static|Win32
		{3E9C538F-F060-4E86-AB7D-D44439615B63}.Release_2.7|Win32.Build.0 = Release_Static|Win32
		{3E9C538F-F060-4E86-AB7D-D44439615B63}.Release_2.7|x64.ActiveCfg = Release_Static|x64
		{3E9C538F-F060-4E86-AB7D-D44439615B63}.Release_2.7|x64.Build.0 = Release_Static|x64
		{3E9C538F-F060-4E86-AB7D-D44439615B63}.Release_3.10|Win32.ActiveCfg = Release_Static|Win32
		{3E9C538F-F060-4E86-AB7D-D44439615B63}.Release_3.10|Win32.Build.0 = Release_Static|Win32
		{3E9C538F-F060-4E86-AB7D-D44439615B63}.Release_3.10|x64.ActiveCfg = Release_Static|x64
		{3E9C538F-F060-4E86-AB7D-D44439615B63}.Release_3.10|x64.Build.0 = Release_Static|x64
		{3E9C538F-F060-4E86-AB7D-D44439615B63}.Release_3.5|Win32.ActiveCfg = Release_Static|Win32
		{3E9C538F-F060-4E86-AB7D-D44439615B63}.Release_3.5|Win32.Build.0 = Release_Static|Win32
		{3E9C538F-F060-4E86-AB7D-D44439615B63}.Release_3.5|x64.ActiveCfg = Release_Static|x64
		{3E9C538F-F060-4E86-AB7D-D44439615B63}.Release_3.5|x64.Build.0 = Release_Static|x64
		{3E9C538F-F060-4E86-AB7D-D44439615B63}.Release_3.6|Win32.ActiveCfg = Release_Static|Win32
		{3E9C538F-F060-4E86-AB7D-D44439615B63}.Release_3.6|Win32.Build.0 = Release_Static|Win32
		{3E9C538F-F060-4E86-AB7D-D44439615B63}.Release_3.6|x64.ActiveCfg = Release_Static|x64
		{3E9C538F-F060-4E86-AB7D-D44439615B63}.Release_3.6|x64.Build.0 = Release_Static|x64
		{3E9C538F-F060-4E86-AB7D-D44439615B63}.Release_3.7|Win32.ActiveCfg = Release_Static|Win32
		{3E9C538F-F060-4E86-AB7D-D44439615B63}.Release_3.7|Win32.Build.0 = Release_Static|Win32
		{3E9C538F-F060-4E86-AB7D-D44439615B63}.Release_3.7|x64.ActiveCfg = Release_Static|x64
		{3E9C538F-F060-4E86-AB7D-D44439615B63}.Release_3.7|x64.Build.0 = Release_Static|x64
		{3E9C538F-F060-4E86-AB7D-D44439615B63}.Release_3.8|Win32.ActiveCfg = Release_Static|Win32
		{3E9C538F-F060-4E86-AB7D-D44439615B63}.Release_3.8|Win32.Build.0 = Release_Static|Win32
		{3E9C538F-F060-4E86-AB7D-D44439615B63}.Release_3.8|x64.ActiveCfg = Release_Static|x64
		{3E9C538F-F060-4E86-AB7D-D44439615B63}.Release_3.8|x64.Build.0 = Release_Static|x64
		{3E9C538F-F060-4E86-AB7D-D44439615B63}.Release_3.9|Win32.ActiveCfg = Release_Static|Win32
		{3E9C538F-F060-4E86-AB7D-D44439615B63}.Release_3.9|Win32.Build.0 = Release_Static|Win32
		{3E9C538F-F060-4E86-AB7D-D44439615B63}.Release_3.9|x64.ActiveCfg = Release_Static|x64
		{3E9C538F-F060-4E86-AB7D-D44439615B63}.Release_3.9|x64.Build.0 = Release_Static|x64
		{C4C45791-0201-4406-BC5C-A384B01E3BF5}.Debug_2.7|Win32.ActiveCfg = Debug_2.7|Win32
		{C4C45791-0201-4406-BC5C-A384B01E3BF5}.Debug_2.7|Win32.Build.0 = Debug_2.7|Win32
		{C4C45791-0201-4406-BC5C-A384B01E3BF5}.Debug_2.7|x64.ActiveCfg = Debug_2.7|x64
		{C4C45791-0201-4406-BC5C-A384B01E3BF5}.Debug_2.7|x64.Build.0 = Debug_2.7|x64
		{C4C45791-0201-4406-BC5C-A384B01E3BF5}.Debug_3.10|Win32.ActiveCfg = Debug_3.10|Win32
		{C4C45791-0201-4406-BC5C-A384B01E3BF5}.Debug_3.10|Win32.Build.0 = Debug_3.10|Win32
		{C4C45791-0201-4406-BC5C-A384B01E3BF5}.Debug_3.10|x64.ActiveCfg = Debug_3.10|x64
		{C4C45791-0201-4406-BC5C-A384B01E3BF5}.Debug_3.10|x64.Build.0 = Debug_3.10|x64
		{C4C45791-0201-4406-BC5C-A384B01E3BF5}.Debug_3.5|Win32.ActiveCfg = Debug_3.5|Win32
		{C4C45791-0201-4406-BC5C-A384B01E3BF5}.Debug_3.5|Win32.Build.0 = Debug_3.5|Win32
		{C4C45791-0201-4406-BC5C-A384B01E3BF5}.Debug_3.5|x64.ActiveCfg = Debug_3.5|x64
		{C4C45791-0201-4406-BC5C-A384B01E3BF5}.Debug_3.5|x64.Build.0 = Debug_3.5|x64
		{C4C45791-0201-4406-BC5C-A384B01E3BF5}.Debug_3.6|Win32.ActiveCfg = Debug_3.6|Win32
		{C4C45791-0201-4406-BC5C-A384B01E3BF5}.Debug_3.6|Win32.Build.0 = Debug_3.6|Win32
		{C4C45791-0201-4406-BC5C-A384B01E3BF5}.Debug_3.6|x64.ActiveCfg = Debug_3.6|x64
		{C4C45791-0201-4406-BC5C-A384B01E3BF5}.Debug_3.6|x64.Build.0 = Debug_3.6|x64
		{C4C45791-0201-4406-BC5C-A384B01E3BF5}.Debug_3.7|Win32.ActiveCfg = Debug_3.7|Win32
		{C4C45791-0201-4406-BC5C-A384B01E3BF5}.Debug_3.7|Win32.Build.0 = Debug_3.7|Win32
		{C4C45791-0201-4406-BC5C-A384B01E3BF5}.Debug_3.7|x64.ActiveCfg = Debug_3.7|x64
		{C4C45791-0201-4406-BC5C-A384B01E3BF5}.Debug_3.7|x64.Build.0 = Debug_3.7|x64
		{C4C45791-0201-4406-BC5C-A384B01E3BF5}.Debug_3.8|Win32.ActiveCfg = Debug_3.8|Win32
		{C4C45791-0201-4406-BC5C-A384B01E3BF5}.Debug_3.8|Win32.Build.0 = Debug_3.8|Win32
		{C4C45791-0201-4406-BC5C-A384B01E3BF5}.Debug_3.8|x64.ActiveCfg = Debug_3.8|x64
		{C4C45791-0201-4406-BC5C-A384B01E3BF5}.Debug_3.8|x64.Build.0 = Debug_3.8|x64
		{C4C45791-0201-4406-BC5C-A384B01E3BF5}.Debug_3.9|Win32.ActiveCfg = Debug_3.9|Win32
		{C4C45791-0201-4406-BC5C-A384B01E3BF5}.Debug_3.9|Win32.Build.0 = Debug_3.9|Win32
		{C4C45791-0201-4406-BC5C-A384B01E3BF5}.Debug_3.9|x64.ActiveCfg = Debug_3.9|x64
		{C4C45791-0201-4406-BC5C-A384B01E3BF5}.Debug_3.9|x64.Build.0 = Debug_3.9|x64
		{C4C45791-0201-4406-BC5C-A384B01E3BF5}.Release_2.7|Win32.ActiveCfg = Release_2.7|Win32
		{C4C45791-0201-4406-BC5C-A384B01E3BF5}.Release_2.7|Win32.Build.0 = Release_2.7|Win32
		{C4C45791-0201-4406-BC5C-A384B01E3BF5}.Release_2.7|x64.ActiveCfg = Release_2.7|x64
		{C4C45791-0201-4406-BC5C-A384B01E3BF5}.Release_2.7|x64.Build.0 = Release_2.7|x64
		{C4C45791-0201-4406-BC5C-A384B01E3BF5}.Release_3.10|Win32.ActiveCfg = Release_3.10|Win32
		{C4C45791-0201-4406-BC5C-A384B01E3BF5}.Release_3.10|Win32.Build.0 = Release_3.10|Win32
		{C4C45791-0201-4406-BC5C-A384B01E3BF5}.Release_3.10|x64.ActiveCfg = Release_3.10|x64
		{C4C45791-0201-4406-BC5C-A384B01E3BF5}.Release_3.10|x64.Build.0 = Release_3.10|x64
		{C4C45791-0201-4406-BC5C-A384B01E3BF5}.Release_3.5|Win32.ActiveCfg = Release_3.5|Win32
		{C4C45791-0201-4406-BC5C-A384B01E3BF5}.Release_3.5|Win32.Build.0 = Release_3.5|Win32
		{C4C45791-0201-4406-BC5C-A384B01E3BF5}.Release_3.5|x64.ActiveCfg = Release_3.5|x64
		{C4C45791-0201-4406-BC5C-A384B01E3BF5}.Release_3.5|x64.Build.0 = Release_3.5|x64
		{C4C45791-0201-4406-BC5C-A384B01E3BF5}.Release_3.6|Win32.ActiveCfg = Release_3.6|Win32
		{C4C45791-0201-4406-BC5C-A384B01E3BF5}.Release_3.6|Win32.Build.0 = Release_3.6|Win32
		{C4C45791-0201-4406-BC5C-A384B01E3BF5}.Release_3.6|x64.ActiveCfg = Release_3.6|x64
		{C4C45791-0201-4406-BC5C-A384B01E3BF5}.Release_3.6|x64.Build.0 = Release_3.6|x64
		{C4C45791-0201-4406-BC5C-A384B01E3BF5}.Release_3.7|Win32.ActiveCfg = Release_3.7|Win32
		{C4C45791-0201-4406-BC5C-A384B01E3BF5}.Release_3.7|Win32.Build.0 = Release_3.7|Win32
		{C4C45791-0201-4406-BC5C-A384B01E3BF5}.Release_3.7|x64.ActiveCfg = Release_3.7|x64
		{C4C45791-0201-4406-BC5C-A384B01E3BF5}.Release_3.7|x64.Build.0 = Release_3.7|x64
		{C4C45791-0201-4406-BC5C-A384B01E3BF5}.Release_3.8|Win32.ActiveCfg = Release_3.8|Win32
		{C4C45791-0201-4406-BC5C-A384B01E3BF5}.Release_3.8|Win32.Build.0 = Release_3.8|Win32
		{C4C45791-0201-4406-BC5C-A384B01E3BF5}.Release_3.8|x64.ActiveCfg = Release_3.8|x64
		{C4C45791-0201-4406-BC5C-A384B01E3BF5}.Release_3.8|x64.Build.0 = Release_3.8|x64
		{C4C45791-0201-4406-BC5C-A384B01E3BF5}.Release_3.9|Win32.ActiveCfg = Release_3.9|Win32
		{C4C45791-0201-4406-BC5C-A384B01E3BF5}.Release_3.9|Win32.Build.0 = Release_3.9|Win32
		{C4C45791-0201-4406-BC5C-A384B01E3BF5}.Release_3.9|x64.ActiveCfg = Release_3.9|x64
		{C4C45791-0201-4406-BC5C-A384B01E3BF5}.Release_3.9|x64.Build.0 = Release_3.9|x64
		{0E4CC688-F2F5-499F-9C07-0F2CAEE0D3EF}.Debug_2.7|Win32.ActiveCfg = Debug|Win32
		{0E4CC688-F2F5-499F-9C07-0F2CAEE0D3EF}.Debug_2.7|Win32.Build.0 = Debug|Win32
		{0E4CC688-F2F5-499F-9C07-0F2CAEE0D3EF}.Debug_2.7|x64.ActiveCfg = Debug|x64
		{0E4CC688-F2F5-499F-9C07-0F2CAEE0D3EF}.Debug_2.7|x64.Build.0 = Debug|x64
		{0E4CC688-F2F5-499F-9C07-0F2CAEE0D3EF}.Debug_3.10|Win32.ActiveCfg = Debug|Win32
		{0E4CC688-F2F5-499F-9C07-0F2CAEE0D3EF}.Debug_3.10|Win32.Build.0 = Debug|Win32
		{0E4CC688-F2F5-499F-9C07-0F2CAEE0D3EF}.Debug_3.10|x64.ActiveCfg = Debug|x64
		{0E4CC688-F2F5-499F-9C07-0F2CAEE0D3EF}.Debug_3.10|x64.Build.0 = Debug|x64
		{0E4CC688-F2F5-499F-9C07-0F2CAEE0D3EF}.Debug_3.5|Win32.ActiveCfg = Debug|Win32
		{0E4CC688-F2F5-499F-9C07-0F2CAEE0D3EF}.Debug_3.5|Win32.Build.0 = Debug|Win32
		{0E4CC688-F2F5-499F-9C07-0F2CAEE0D3EF}.Debug_3.5|x64.ActiveCfg = Debug|x64
		{0E4CC688-F2F5-499F-9C07-0F2CAEE0D3EF}.Debug_3.5|x64.Build.0 = Debug|x64
		{0E4CC688-F2F5-499F-9C07-0F2CAEE0D3EF}.Debug_3.6|Win32.ActiveCfg = Debug|Win32
		{0E4CC688-F2F5-499F-9C07-0F2CAEE0D3EF}.Debug_3.6|Win32.Build.0 = Debug|Win32
		{0E4CC688-F2F5-499F-9C07-0F2CAEE0D3EF}.Debug_3.6|x64.ActiveCfg = Debug|x64
		{0E4CC688-F2F5-499F-9C07-0F2CAEE0D3EF}.Debug_3.6|x64.Build.0 = Debug|x64
		{0E4CC688-F2F5-499F-9C07-0F2CAEE0D3EF}.Debug_3.7|Win32.ActiveCfg = Debug|Win32
		{0E4CC688-F2F5-499F-9C07-0F2CAEE0D3EF}.Debug_3.7|Win32.Build.0 = Debug|Win32
		{0E4CC688-F2F5-499F-9C07-0F2CAEE0D3EF}.Debug_3.7|x64.ActiveCfg = Debug|x64
		{0E4CC688-F2F5-499F-9C07-0F2CAEE0D3EF}.Debug_3.7|x64.Build.0 = Debug|x64
		{0E4CC688-F2F5-499F-9C07-0F2CAEE0D3EF}.Debug_3.8|Win32.ActiveCfg = Debug|Win32
		{0E4CC688-F2F5-499F-9C07-0F2CAEE0D3EF}.Debug_3.8|Win32.Build.0 = Debug|Win32
		{0E4CC688-F2F5-499F-9C07-0F2CAEE0D3EF}.Debug_3.8|x64.ActiveCfg = Debug|x64
		{0E4CC688-F2F5-499F-9C07-0F2CAEE0D3EF}.Debug_3.8|x64.Build.0 = Debug|x64
		{0E4CC688-F2F5-499F-9C07-0F2CAEE0D3EF}.Debug_3.9|Win32.ActiveCfg = Debug|Win32
		{0E4CC688-F2F5-499F-9C07-0F2CAEE0D3EF}.Debug_3.9|Win32.Build.0 = Debug|Win32
		{0E4CC688-F2F5-499F-9C07-0F2CAEE0D3EF}.Debug_3.9|x64.ActiveCfg = Debug|x64
		{0E4CC688-F2F5-499F-9C07-0F2CAEE0D3EF}.Debug_3.9|x64.Build.0 = Debug|x64
		{0E4CC688-F2F5-499F-9C07-0F2CAEE0D3EF}.Release_2.7|Win32.ActiveCfg = Debug|Win32
		{0E4CC688-F2F5-499F-9C07-0F2CAEE0D3EF}.Release_2.7|Win32.Build.0 = Debug|Win32
		{0E4CC688-F2F5-499F-9C07-0F2CAEE0D3EF}.Release_2.7|x64.ActiveCfg = Debug|x64
		{0E4CC688-F2F5-499F-9C07-0F2CAEE0D3EF}.Release_2.7|x64.Build.0 = Debug|x64
		{0E4CC688-F2F5-499F-9C07-0F2CAEE0D3EF}.Release_3.10|Win32.ActiveCfg = Release|Win32
		{0E4CC688-F2F5-499F-9C07-0F2CAEE0D3EF}.Release_3.10|Win32.Build.0 = Release|Win32
		{0E4CC688-F2F5-499F-9C07-0F2CAEE0D3EF}.Release_3.10|x64.ActiveCfg = Release|x64
		{0E4CC688-F2F5-499F-9C07-0F2CAEE0D3EF}.Release_3.10|x64.Build.0 = Release|x64
		{0E4CC688-F2F5-499F-9C07-0F2CAEE0D3EF}.Release_3.5|Win32.ActiveCfg = Debug|Win32
		{0E4CC688-F2F5-499F-9C07-0F2CAEE0D3EF}.Release_3.5|Win32.Build.0 = Debug|Win32
		{0E4CC688-F2F5-499F-9C07-0F2CAEE0D3EF}.Release_3.5|x64.ActiveCfg = Debug|x64
		{0E4CC688-F2F5-499F-9C07-0F2CAEE0D3EF}.Release_3.5|x64.Build.0 = Debug|x64
		{0E4CC688-F2F5-499F-9C07-0F2CAEE0D3EF}.Release_3.6|Win32.ActiveCfg = Debug|Win32
		{0E4CC688-F2F5-499F-9C07-0F2CAEE0D3EF}.Release_3.6|Win32.Build.0 = Debug|Win32
		{0E4CC688-F2F5-499F-9C07-0F2CAEE0D3EF}.Release_3.6|x64.ActiveCfg = Debug|x64
		{0E4CC688-F2F5-499F-9C07-0F2CAEE0D3EF}.Release_3.6|x64.Build.0 = Debug|x64
		{0E4CC688-F2F5-499F-9C07-0F2CAEE0D3EF}.Release_3.7|Win32.ActiveCfg = Debug|Win32
		{0E4CC688-F2F5-499F-9C07-0F2CAEE0D3EF}.Release_3.7|Win32.Build.0 = Debug|Win32
		{0E4CC688-F2F5-499F-9C07-0F2CAEE0D3EF}.Release_3.7|x64.ActiveCfg = Debug|x64
		{0E4CC688-F2F5-499F-9C07-0F2CAEE0D3EF}.Release_3.7|x64.Build.0 = Debug|x64
		{0E4CC688-F2F5-499F-9C07-0F2CAEE0D3EF}.Release_3.8|Win32.ActiveCfg = Debug|Win32
		{0E4CC688-F2F5-499F-9C07-0F2CAEE0D3EF}.Release_3.8|Win32.Build.0 = Debug|Win32
		{0E4CC688-F2F5-499F-9C07-0F2CAEE0D3EF}.Release_3.8|x64.ActiveCfg = Debug|x64
		{0E4CC688-F2F5-499F-9C07-0F2CAEE0D3EF}.Release_3.8|x64.Build.0 = Debug|x64
		{0E4CC688-F2F5-499F-9C07-0F2CAEE0D3EF}.Release_3.9|Win32.ActiveCfg = Release|Win32
		{0E4CC688-F2F5-499F-9C07-0F2CAEE0D3EF}.Release_3.9|Win32.Build.0 = Release|Win32
		{0E4CC688-F2F5-499F-9C07-0F2CAEE0D3EF}.Release_3.9|x64.ActiveCfg = Release|x64
		{0E4CC688-F2F5-499F-9C07-0F2CAEE0D3EF}.Release_3.9|x64.Build.0 = Release|x64
	EndGlobalSection
	GlobalSection(SolutionProperties) = preSolution
		HideSolutionNode = FALSE
	EndGlobalSection
	GlobalSection(NestedProjects) = preSolution
		{EEFC9510-DFA7-439E-801E-48FCE72766AD} = {A7AF87D2-983B-4B3A-823F-5A2C6989672E}
		{3F0BE77E-19B0-4192-B432-44A25805BCB8} = {5A3C2DA6-AE91-4025-AC03-A58BD03CEBCD}
		{6471FEDC-3129-410F-BFFC-4BC89707E5EC} = {AAB21DD2-B0EE-493E-8415-5195F18879EB}
		{0E4CC688-F2F5-499F-9C07-0F2CAEE0D3EF} = {5A3C2DA6-AE91-4025-AC03-A58BD03CEBCD}
	EndGlobalSection
	GlobalSection(ExtensibilityGlobals) = postSolution
		SolutionGuid = {23D3DF9E-C3F8-476E-8B59-440641E1B2D6}
	EndGlobalSection
EndGlobal
