<?xml version="1.0" encoding="utf-8"?>
<Project ToolsVersion="4.0" xmlns="http://schemas.microsoft.com/developer/msbuild/2003">
  <ItemGroup>
    <Filter Include="Source Files">
      <UniqueIdentifier>{4FC737F1-C7A5-4376-A066-2A32D752A2FF}</UniqueIdentifier>
      <Extensions>cpp;c;cc;cxx;def;odl;idl;hpj;bat;asm;asmx</Extensions>
    </Filter>
    <Filter Include="Header Files">
      <UniqueIdentifier>{93995380-89BD-4b04-88EB-625FBE52EBFB}</UniqueIdentifier>
      <Extensions>h;hpp;hxx;hm;inl;inc;xsd</Extensions>
    </Filter>
    <Filter Include="Resource Files">
      <UniqueIdentifier>{67DA6AB6-F800-4c08-8B7A-83BB121AAD01}</UniqueIdentifier>
      <Extensions>rc;ico;cur;bmp;dlg;rc2;rct;bin;rgs;gif;jpg;jpeg;jpe;resx;tiff;tif;png;wav;mfcribbon-ms</Extensions>
    </Filter>
  </ItemGroup>
  <ItemGroup>
    <ClInclude Include="stdafx.h">
      <Filter>Header Files</Filter>
    </ClInclude>
    <ClInclude Include="targetver.h">
      <Filter>Header Files</Filter>
    </ClInclude>
    <ClInclude Include="windbgext.h">
      <Filter>Header Files</Filter>
    </ClInclude>
    <ClInclude Include="variant.h">
      <Filter>Header Files</Filter>
    </ClInclude>
    <ClInclude Include="dbgexcept.h">
      <Filter>Header Files</Filter>
    </ClInclude>
    <ClInclude Include="stladaptor.h">
      <Filter>Header Files</Filter>
    </ClInclude>
    <ClInclude Include="pydbgio.h">
      <Filter>Header Files</Filter>
    </ClInclude>
    <ClInclude Include="resource.h">
      <Filter>Header Files</Filter>
    </ClInclude>
    <ClInclude Include="pykdver.h">
      <Filter>Header Files</Filter>
    </ClInclude>
    <ClInclude Include="pysymengine.h">
      <Filter>Header Files</Filter>
    </ClInclude>
    <ClInclude Include="pythreadstate.h">
      <Filter>Header Files</Filter>
    </ClInclude>
    <ClInclude Include="pydbgeng.h">
      <Filter>Header Files</Filter>
    </ClInclude>
    <ClInclude Include="pymemaccess.h">
      <Filter>Header Files</Filter>
    </ClInclude>
    <ClInclude Include="pytypeinfo.h">
      <Filter>Header Files</Filter>
    </ClInclude>
    <ClInclude Include="pytypedvar.h">
      <Filter>Header Files</Filter>
    </ClInclude>
    <ClInclude Include="pycpucontext.h">
      <Filter>Header Files</Filter>
    </ClInclude>
    <ClInclude Include="pymodule.h">
      <Filter>Header Files</Filter>
    </ClInclude>
    <ClInclude Include="pyeventhandler.h">
      <Filter>Header Files</Filter>
    </ClInclude>
    <ClInclude Include="pydisasm.h">
      <Filter>Header Files</Filter>
    </ClInclude>
    <ClInclude Include="pyevents.h">
      <Filter>Header Files</Filter>
    </ClInclude>
  </ItemGroup>
  <ItemGroup>
    <ClCompile Include="stdafx.cpp">
      <Filter>Source Files</Filter>
    </ClCompile>
    <ClCompile Include="dllmain.cpp">
      <Filter>Source Files</Filter>
    </ClCompile>
    <ClCompile Include="windbgext.cpp">
      <Filter>Source Files</Filter>
    </ClCompile>
    <ClCompile Include="pymod.cpp">
      <Filter>Source Files</Filter>
    </ClCompile>
    <ClCompile Include="dbgexcept.cpp">
      <Filter>Source Files</Filter>
    </ClCompile>
    <ClCompile Include="pydbgeng.cpp">
      <Filter>Source Files</Filter>
    </ClCompile>
    <ClCompile Include="pymemaccess.cpp">
      <Filter>Source Files</Filter>
    </ClCompile>
    <ClCompile Include="pytypeinfo.cpp">
      <Filter>Source Files</Filter>
    </ClCompile>
    <ClCompile Include="pytypedvar.cpp">
      <Filter>Source Files</Filter>
    </ClCompile>
    <ClCompile Include="pycpucontext.cpp">
      <Filter>Source Files</Filter>
    </ClCompile>
    <ClCompile Include="pymodule.cpp">
      <Filter>Source Files</Filter>
    </ClCompile>
    <ClCompile Include="pyeventhandler.cpp">
      <Filter>Source Files</Filter>
    </ClCompile>
  </ItemGroup>
  <ItemGroup>
    <None Include="pykd.def">
      <Filter>Source Files</Filter>
    </None>
  </ItemGroup>
  <ItemGroup>
    <ResourceCompile Include="pykd.rc">
      <Filter>Resource Files</Filter>
    </ResourceCompile>
  </ItemGroup>
</Project>